{
    "_readme": [
        "This file locks the dependencies of your project to a known state",
        "Read more about it at https://getcomposer.org/doc/01-basic-usage.md#composer-lock-the-lock-file",
        "This file is @generated automatically"
    ],
    "content-hash": "45255a662aa7f05231b3d1163da64a1a",
    "packages": [
        {
            "name": "syyongx/PhSpring",
            "version": "dev-master",
            "source": {
                "type": "git",
                "url": "https://github.com/syyongx/PhSpring.git",
                "reference": "ace9a5a2e64bf3be0ff83d4e4c8bc497a320596f"
            },
            "dist": {
                "type": "zip",
                "url": "https://api.github.com/repos/syyongx/PhSpring/zipball/ace9a5a2e64bf3be0ff83d4e4c8bc497a320596f",
                "reference": "ace9a5a2e64bf3be0ff83d4e4c8bc497a320596f",
                "shasum": ""
            },
            "require": {
                "php": ">=7.0"
            },
            "type": "library",
            "autoload": {
                "psr-4": {
                    "phspring\\": "src/"
                }
            },
            "license": [
                "MIT"
            ],
            "authors": [
                {
                    "name": "syyong.x",
                    "email": "syyong.x@gmail.com",
                    "homepage": "https://github.com/syyongx",
                    "role": "Founder and project lead"
                }
            ],
            "description": "The phspring framework.",
            "keywords": [
                "PHP socket framework",
                "phspring"
            ],
            "support": {
                "issues": "https://github.com/syyongx/PhSpring/issues?state=open",
                "wiki": "https://github.com/syyongx/PhSpring/wiki/",
                "source": "https://github.com/syyongx/PhSpring"
            },
            "time": "2017-05-05 02:45:39"
        }
    ],
    "packages-dev": [],
    "aliases": [],
    "minimum-stability": "dev",
    "stability-flags": {
        "syyongx/phspring": 20
    },
    "prefer-stable": true,
    "prefer-lowest": false,
    "platform": {
        "php": ">=7.0"
    },
    "platform-dev": []
}
